{
  "version": 4,
  "terraform_version": "1.5.4",
  "serial": 28,
  "lineage": "fb6bd2d8-bcb3-61dd-d615-5f501c8cf13b",
  "outputs": {},
  "resources": [
    {
      "mode": "managed",
      "type": "google_artifact_registry_repository",
      "name": "prefect",
      "provider": "provider[\"registry.terraform.io/hashicorp/google\"]",
      "instances": [
        {
          "schema_version": 0,
          "attributes": {
            "create_time": "2023-08-05T10:35:59.475918Z",
            "description": "",
            "docker_config": [],
            "format": "DOCKER",
            "id": "projects/prefect-395009/locations/australia-southeast1/repositories/prefect-agent",
            "kms_key_name": "",
            "labels": {},
            "location": "australia-southeast1",
            "maven_config": [],
            "mode": "STANDARD_REPOSITORY",
            "name": "prefect-agent",
            "project": "prefect-395009",
            "remote_repository_config": [],
            "repository_id": "prefect-agent",
            "timeouts": null,
            "update_time": "2023-08-05T10:35:59.475918Z",
            "virtual_repository_config": []
          },
          "sensitive_attributes": [],
          "private": "eyJlMmJmYjczMC1lY2FhLTExZTYtOGY4OC0zNDM2M2JjN2M0YzAiOnsiY3JlYXRlIjoxMjAwMDAwMDAwMDAwLCJkZWxldGUiOjEyMDAwMDAwMDAwMDAsInVwZGF0ZSI6MTIwMDAwMDAwMDAwMH19"
        }
      ]
    },
    {
      "mode": "managed",
      "type": "google_compute_instance",
      "name": "prefect",
      "provider": "provider[\"registry.terraform.io/hashicorp/google\"]",
      "instances": [
        {
          "schema_version": 6,
          "attributes": {
            "advanced_machine_features": [],
            "allow_stopping_for_update": null,
            "attached_disk": [],
            "boot_disk": [
              {
                "auto_delete": true,
                "device_name": "prefect",
                "disk_encryption_key_raw": "",
                "disk_encryption_key_sha256": "",
                "initialize_params": [
                  {
                    "image": "https://www.googleapis.com/compute/v1/projects/debian-cloud/global/images/debian-11-bullseye-v20230711",
                    "labels": {},
                    "resource_manager_tags": {},
                    "size": 10,
                    "type": "pd-balanced"
                  }
                ],
                "kms_key_self_link": "",
                "mode": "READ_WRITE",
                "source": "https://www.googleapis.com/compute/v1/projects/prefect-395009/zones/australia-southeast1-a/disks/prefect"
              }
            ],
            "can_ip_forward": false,
            "confidential_instance_config": [],
            "cpu_platform": "Intel Broadwell",
            "current_status": "RUNNING",
            "deletion_protection": false,
            "description": "",
            "desired_status": null,
            "enable_display": false,
            "guest_accelerator": [],
            "hostname": "",
            "id": "projects/prefect-395009/zones/australia-southeast1-a/instances/prefect",
            "instance_id": "7957182313520136700",
            "label_fingerprint": "u__a2NSF3Cs=",
            "labels": {
              "goog-ec-src": "vm_add-tf"
            },
            "machine_type": "e2-medium",
            "metadata": {},
            "metadata_fingerprint": "8_ACmzzvRKM=",
            "metadata_startup_script": null,
            "min_cpu_platform": "",
            "name": "prefect",
            "network_interface": [
              {
                "access_config": [
                  {
                    "nat_ip": "34.87.223.39",
                    "network_tier": "PREMIUM",
                    "public_ptr_domain_name": ""
                  }
                ],
                "alias_ip_range": [],
                "ipv6_access_config": [],
                "ipv6_access_type": "",
                "name": "nic0",
                "network": "https://www.googleapis.com/compute/v1/projects/prefect-395009/global/networks/default",
                "network_ip": "10.152.0.6",
                "nic_type": "",
                "queue_count": 0,
                "stack_type": "IPV4_ONLY",
                "subnetwork": "https://www.googleapis.com/compute/v1/projects/prefect-395009/regions/australia-southeast1/subnetworks/default",
                "subnetwork_project": "prefect-395009"
              }
            ],
            "network_performance_config": [],
            "params": [],
            "project": "prefect-395009",
            "reservation_affinity": [],
            "resource_policies": [],
            "scheduling": [
              {
                "automatic_restart": true,
                "instance_termination_action": "",
                "min_node_cpus": 0,
                "node_affinities": [],
                "on_host_maintenance": "MIGRATE",
                "preemptible": false,
                "provisioning_model": "STANDARD"
              }
            ],
            "scratch_disk": [],
            "self_link": "https://www.googleapis.com/compute/v1/projects/prefect-395009/zones/australia-southeast1-a/instances/prefect",
            "service_account": [],
            "shielded_instance_config": [
              {
                "enable_integrity_monitoring": true,
                "enable_secure_boot": false,
                "enable_vtpm": true
              }
            ],
            "tags": [],
            "tags_fingerprint": "42WmSpB8rSM=",
            "timeouts": null,
            "zone": "australia-southeast1-a"
          },
          "sensitive_attributes": [],
          "private": "eyJlMmJmYjczMC1lY2FhLTExZTYtOGY4OC0zNDM2M2JjN2M0YzAiOnsiY3JlYXRlIjoxMjAwMDAwMDAwMDAwLCJkZWxldGUiOjEyMDAwMDAwMDAwMDAsInVwZGF0ZSI6MTIwMDAwMDAwMDAwMH0sInNjaGVtYV92ZXJzaW9uIjoiNiJ9"
        }
      ]
    },
    {
      "mode": "managed",
      "type": "google_storage_bucket",
      "name": "orchestration",
      "provider": "provider[\"registry.terraform.io/hashicorp/google\"]",
      "instances": [
        {
          "schema_version": 0,
          "attributes": {
            "autoclass": [],
            "cors": [],
            "custom_placement_config": [],
            "default_event_based_hold": false,
            "encryption": [],
            "force_destroy": true,
            "id": "prefect-deployments-dev",
            "labels": {},
            "lifecycle_rule": [],
            "location": "AUSTRALIA-SOUTHEAST1",
            "logging": [],
            "name": "prefect-deployments-dev",
            "project": "prefect-395009",
            "public_access_prevention": "inherited",
            "requester_pays": false,
            "retention_policy": [],
            "self_link": "https://www.googleapis.com/storage/v1/b/prefect-deployments-dev",
            "storage_class": "STANDARD",
            "timeouts": null,
            "uniform_bucket_level_access": true,
            "url": "gs://prefect-deployments-dev",
            "versioning": [
              {
                "enabled": true
              }
            ],
            "website": []
          },
          "sensitive_attributes": [],
          "private": "eyJlMmJmYjczMC1lY2FhLTExZTYtOGY4OC0zNDM2M2JjN2M0YzAiOnsiY3JlYXRlIjo2MDAwMDAwMDAwMDAsInJlYWQiOjI0MDAwMDAwMDAwMCwidXBkYXRlIjoyNDAwMDAwMDAwMDB9fQ=="
        }
      ]
    }
  ],
  "check_results": null
}
